
Microsoft Visual Studio Solution File, Format Version 12.00
# Visual Studio Version 17
VisualStudioVersion = 17.7.34202.233
MinimumVisualStudioVersion = 10.0.40219.1
Project("{FAE04EC0-301F-11D3-BF4B-00C04F79EFBC}") = "EmbedAssemlyTestOld", "EmbedAssemlyTestNew\EmbedAssemlyTestOld.csproj", "{E5B017D7-27EB-4E63-93F6-98C39E0EC98F}"
EndProject
Project("{2150E333-8FDC-42A3-9474-1A3956D46DE8}") = "BeforeWithNetStandard2.1", "BeforeWithNetStandard2.1", "{55AD1B1E-6BD3-4013-BE69-3912609A9E69}"
EndProject
Project("{FAE04EC0-301F-11D3-BF4B-00C04F79EFBC}") = "EmbedTestOld.AndroidLibrary1", "EmbedTestOld.AndroidLibrary1\EmbedTestOld.AndroidLibrary1.csproj", "{3E08B5E3-4A17-47E4-9AED-EE72F6F325AB}"
EndProject
Project("{FAE04EC0-301F-11D3-BF4B-00C04F79EFBC}") = "EmbedTestOld.AndroidLibrary2", "EmbedTestOld.AndroidLibrary2\EmbedTestOld.AndroidLibrary2.csproj", "{C717CC0A-27C8-423C-AC95-F1CA41B878FF}"
EndProject
Project("{FAE04EC0-301F-11D3-BF4B-00C04F79EFBC}") = "EmbedTestOld.ClassLibrary1", "EmbedTestOld.ClassLibrary1\EmbedTestOld.ClassLibrary1.csproj", "{7E2E6017-0F25-4A8D-B35D-7DC4701CD95F}"
EndProject
Project("{FAE04EC0-301F-11D3-BF4B-00C04F79EFBC}") = "EmbedTestOld.ClassLibrary2", "EmbedTestOld.ClassLibrary2\EmbedTestOld.ClassLibrary2.csproj", "{A5EABEAA-0AEF-4095-AADF-9743DEBC9A46}"
EndProject
Project("{2150E333-8FDC-42A3-9474-1A3956D46DE8}") = "NewWithNet7.0", "NewWithNet7.0", "{A5CF8B75-917C-43CD-AA2E-1FB9A1754B61}"
EndProject
Project("{FAE04EC0-301F-11D3-BF4B-00C04F79EFBC}") = "EmbedAssemblyTestNew", "EmbedAssemblyTestNew\EmbedAssemblyTestNew.csproj", "{78F1E723-F099-4D52-991E-4BFF93789267}"
EndProject
Project("{FAE04EC0-301F-11D3-BF4B-00C04F79EFBC}") = "EmbedTestNew.AndroidLibrary1", "EmbedTestNew.AndroidLibrary1\EmbedTestNew.AndroidLibrary1.csproj", "{E21B7132-CEF7-4ABC-9862-C783E680E1C1}"
EndProject
Project("{FAE04EC0-301F-11D3-BF4B-00C04F79EFBC}") = "EmbedTestNew.AndroidLibrary2", "EmbedTestNew.AndroidLibrary2\EmbedTestNew.AndroidLibrary2.csproj", "{5873B48C-D580-4874-84CD-0CD582763B94}"
EndProject
Project("{FAE04EC0-301F-11D3-BF4B-00C04F79EFBC}") = "EmbedTestNew.ClassLibrary1", "EmbedTestNew.ClassLibrary1\EmbedTestNew.ClassLibrary1.csproj", "{E0BC0E96-CBFC-475A-B99F-BF7AB6942AF9}"
EndProject
Project("{FAE04EC0-301F-11D3-BF4B-00C04F79EFBC}") = "EmbedTestNew.ClassLibrary2", "EmbedTestNew.ClassLibrary2\EmbedTestNew.ClassLibrary2.csproj", "{E4347B10-B0D4-4DD1-9D06-AE33D1F97DF6}"
EndProject
Project("{FAE04EC0-301F-11D3-BF4B-00C04F79EFBC}") = "App1", "App1\App1.csproj", "{4F5A59E7-FD7C-4A64-A080-320253D97875}"
EndProject
Global
	GlobalSection(SolutionConfigurationPlatforms) = preSolution
		Debug|Any CPU = Debug|Any CPU
		Release|Any CPU = Release|Any CPU
	EndGlobalSection
	GlobalSection(ProjectConfigurationPlatforms) = postSolution
		{E5B017D7-27EB-4E63-93F6-98C39E0EC98F}.Debug|Any CPU.ActiveCfg = Debug|Any CPU
		{E5B017D7-27EB-4E63-93F6-98C39E0EC98F}.Debug|Any CPU.Build.0 = Debug|Any CPU
		{E5B017D7-27EB-4E63-93F6-98C39E0EC98F}.Debug|Any CPU.Deploy.0 = Debug|Any CPU
		{E5B017D7-27EB-4E63-93F6-98C39E0EC98F}.Release|Any CPU.ActiveCfg = Release|Any CPU
		{E5B017D7-27EB-4E63-93F6-98C39E0EC98F}.Release|Any CPU.Build.0 = Release|Any CPU
		{E5B017D7-27EB-4E63-93F6-98C39E0EC98F}.Release|Any CPU.Deploy.0 = Release|Any CPU
		{3E08B5E3-4A17-47E4-9AED-EE72F6F325AB}.Debug|Any CPU.ActiveCfg = Debug|Any CPU
		{3E08B5E3-4A17-47E4-9AED-EE72F6F325AB}.Debug|Any CPU.Build.0 = Debug|Any CPU
		{3E08B5E3-4A17-47E4-9AED-EE72F6F325AB}.Release|Any CPU.ActiveCfg = Release|Any CPU
		{3E08B5E3-4A17-47E4-9AED-EE72F6F325AB}.Release|Any CPU.Build.0 = Release|Any CPU
		{C717CC0A-27C8-423C-AC95-F1CA41B878FF}.Debug|Any CPU.ActiveCfg = Debug|Any CPU
		{C717CC0A-27C8-423C-AC95-F1CA41B878FF}.Debug|Any CPU.Build.0 = Debug|Any CPU
		{C717CC0A-27C8-423C-AC95-F1CA41B878FF}.Release|Any CPU.ActiveCfg = Release|Any CPU
		{C717CC0A-27C8-423C-AC95-F1CA41B878FF}.Release|Any CPU.Build.0 = Release|Any CPU
		{7E2E6017-0F25-4A8D-B35D-7DC4701CD95F}.Debug|Any CPU.ActiveCfg = Debug|Any CPU
		{7E2E6017-0F25-4A8D-B35D-7DC4701CD95F}.Debug|Any CPU.Build.0 = Debug|Any CPU
		{7E2E6017-0F25-4A8D-B35D-7DC4701CD95F}.Release|Any CPU.ActiveCfg = Release|Any CPU
		{7E2E6017-0F25-4A8D-B35D-7DC4701CD95F}.Release|Any CPU.Build.0 = Release|Any CPU
		{A5EABEAA-0AEF-4095-AADF-9743DEBC9A46}.Debug|Any CPU.ActiveCfg = Debug|Any CPU
		{A5EABEAA-0AEF-4095-AADF-9743DEBC9A46}.Debug|Any CPU.Build.0 = Debug|Any CPU
		{A5EABEAA-0AEF-4095-AADF-9743DEBC9A46}.Release|Any CPU.ActiveCfg = Release|Any CPU
		{A5EABEAA-0AEF-4095-AADF-9743DEBC9A46}.Release|Any CPU.Build.0 = Release|Any CPU
		{78F1E723-F099-4D52-991E-4BFF93789267}.Debug|Any CPU.ActiveCfg = Debug|Any CPU
		{78F1E723-F099-4D52-991E-4BFF93789267}.Debug|Any CPU.Build.0 = Debug|Any CPU
		{78F1E723-F099-4D52-991E-4BFF93789267}.Debug|Any CPU.Deploy.0 = Debug|Any CPU
		{78F1E723-F099-4D52-991E-4BFF93789267}.Release|Any CPU.ActiveCfg = Release|Any CPU
		{78F1E723-F099-4D52-991E-4BFF93789267}.Release|Any CPU.Build.0 = Release|Any CPU
		{78F1E723-F099-4D52-991E-4BFF93789267}.Release|Any CPU.Deploy.0 = Release|Any CPU
		{E21B7132-CEF7-4ABC-9862-C783E680E1C1}.Debug|Any CPU.ActiveCfg = Debug|Any CPU
		{E21B7132-CEF7-4ABC-9862-C783E680E1C1}.Debug|Any CPU.Build.0 = Debug|Any CPU
		{E21B7132-CEF7-4ABC-9862-C783E680E1C1}.Release|Any CPU.ActiveCfg = Release|Any CPU
		{E21B7132-CEF7-4ABC-9862-C783E680E1C1}.Release|Any CPU.Build.0 = Release|Any CPU
		{5873B48C-D580-4874-84CD-0CD582763B94}.Debug|Any CPU.ActiveCfg = Debug|Any CPU
		{5873B48C-D580-4874-84CD-0CD582763B94}.Debug|Any CPU.Build.0 = Debug|Any CPU
		{5873B48C-D580-4874-84CD-0CD582763B94}.Release|Any CPU.ActiveCfg = Release|Any CPU
		{5873B48C-D580-4874-84CD-0CD582763B94}.Release|Any CPU.Build.0 = Release|Any CPU
		{E0BC0E96-CBFC-475A-B99F-BF7AB6942AF9}.Debug|Any CPU.ActiveCfg = Debug|Any CPU
		{E0BC0E96-CBFC-475A-B99F-BF7AB6942AF9}.Debug|Any CPU.Build.0 = Debug|Any CPU
		{E0BC0E96-CBFC-475A-B99F-BF7AB6942AF9}.Release|Any CPU.ActiveCfg = Release|Any CPU
		{E0BC0E96-CBFC-475A-B99F-BF7AB6942AF9}.Release|Any CPU.Build.0 = Release|Any CPU
		{E4347B10-B0D4-4DD1-9D06-AE33D1F97DF6}.Debug|Any CPU.ActiveCfg = Debug|Any CPU
		{E4347B10-B0D4-4DD1-9D06-AE33D1F97DF6}.Debug|Any CPU.Build.0 = Debug|Any CPU
		{E4347B10-B0D4-4DD1-9D06-AE33D1F97DF6}.Release|Any CPU.ActiveCfg = Release|Any CPU
		{E4347B10-B0D4-4DD1-9D06-AE33D1F97DF6}.Release|Any CPU.Build.0 = Release|Any CPU
		{4F5A59E7-FD7C-4A64-A080-320253D97875}.Debug|Any CPU.ActiveCfg = Debug|Any CPU
		{4F5A59E7-FD7C-4A64-A080-320253D97875}.Debug|Any CPU.Build.0 = Debug|Any CPU
		{4F5A59E7-FD7C-4A64-A080-320253D97875}.Debug|Any CPU.Deploy.0 = Debug|Any CPU
		{4F5A59E7-FD7C-4A64-A080-320253D97875}.Release|Any CPU.ActiveCfg = Release|Any CPU
		{4F5A59E7-FD7C-4A64-A080-320253D97875}.Release|Any CPU.Build.0 = Release|Any CPU
		{4F5A59E7-FD7C-4A64-A080-320253D97875}.Release|Any CPU.Deploy.0 = Release|Any CPU
	EndGlobalSection
	GlobalSection(SolutionProperties) = preSolution
		HideSolutionNode = FALSE
	EndGlobalSection
	GlobalSection(NestedProjects) = preSolution
		{E5B017D7-27EB-4E63-93F6-98C39E0EC98F} = {55AD1B1E-6BD3-4013-BE69-3912609A9E69}
		{3E08B5E3-4A17-47E4-9AED-EE72F6F325AB} = {55AD1B1E-6BD3-4013-BE69-3912609A9E69}
		{C717CC0A-27C8-423C-AC95-F1CA41B878FF} = {55AD1B1E-6BD3-4013-BE69-3912609A9E69}
		{7E2E6017-0F25-4A8D-B35D-7DC4701CD95F} = {55AD1B1E-6BD3-4013-BE69-3912609A9E69}
		{A5EABEAA-0AEF-4095-AADF-9743DEBC9A46} = {55AD1B1E-6BD3-4013-BE69-3912609A9E69}
		{78F1E723-F099-4D52-991E-4BFF93789267} = {A5CF8B75-917C-43CD-AA2E-1FB9A1754B61}
		{E21B7132-CEF7-4ABC-9862-C783E680E1C1} = {A5CF8B75-917C-43CD-AA2E-1FB9A1754B61}
		{5873B48C-D580-4874-84CD-0CD582763B94} = {A5CF8B75-917C-43CD-AA2E-1FB9A1754B61}
		{E0BC0E96-CBFC-475A-B99F-BF7AB6942AF9} = {A5CF8B75-917C-43CD-AA2E-1FB9A1754B61}
		{E4347B10-B0D4-4DD1-9D06-AE33D1F97DF6} = {A5CF8B75-917C-43CD-AA2E-1FB9A1754B61}
		{4F5A59E7-FD7C-4A64-A080-320253D97875} = {55AD1B1E-6BD3-4013-BE69-3912609A9E69}
	EndGlobalSection
	GlobalSection(ExtensibilityGlobals) = postSolution
		SolutionGuid = {944379C2-DD78-4811-A979-DA6EC33F8073}
	EndGlobalSection
EndGlobal
